// !$*UTF8*$!
{
	archiveVersion = 1;
	classes = {
	};
	objectVersion = 46;
	objects = {

/* Begin PBXBuildFile section */
		D18910021F1030D4003B06B1 /* main.m in Sources */ = {isa = PBXBuildFile; fileRef = D18910011F1030D4003B06B1 /* main.m */; };
		D18910051F1030D4003B06B1 /* AppDelegate.m in Sources */ = {isa = PBXBuildFile; fileRef = D18910041F1030D4003B06B1 /* AppDelegate.m */; };
		D189100B1F1030D4003B06B1 /* Main.storyboard in Resources */ = {isa = PBXBuildFile; fileRef = D18910091F1030D4003B06B1 /* Main.storyboard */; };
		D189100D1F1030D4003B06B1 /* Assets.xcassets in Resources */ = {isa = PBXBuildFile; fileRef = D189100C1F1030D4003B06B1 /* Assets.xcassets */; };
		D18910101F1030D4003B06B1 /* LaunchScreen.storyboard in Resources */ = {isa = PBXBuildFile; fileRef = D189100E1F1030D4003B06B1 /* LaunchScreen.storyboard */; };
		D18910191F10345A003B06B1 /* PanViewController.m in Sources */ = {isa = PBXBuildFile; fileRef = D18910181F10345A003B06B1 /* PanViewController.m */; };
		D189101C1F103474003B06B1 /* TapViewController.m in Sources */ = {isa = PBXBuildFile; fileRef = D189101B1F103474003B06B1 /* TapViewController.m */; };
		D189101F1F103C27003B06B1 /* PinchViewController.m in Sources */ = {isa = PBXBuildFile; fileRef = D189101E1F103C27003B06B1 /* PinchViewController.m */; };
		D18910221F1046B1003B06B1 /* SwipeViewController.m in Sources */ = {isa = PBXBuildFile; fileRef = D18910211F1046B1003B06B1 /* SwipeViewController.m */; };
/* End PBXBuildFile section */

/* Begin PBXFileReference section */
		D1890FFD1F1030D4003B06B1 /* UIGestures.app */ = {isa = PBXFileReference; explicitFileType = wrapper.application; includeInIndex = 0; path = UIGestures.app; sourceTree = BUILT_PRODUCTS_DIR; };
		D18910011F1030D4003B06B1 /* main.m */ = {isa = PBXFileReference; lastKnownFileType = sourcecode.c.objc; path = main.m; sourceTree = "<group>"; };
		D18910031F1030D4003B06B1 /* AppDelegate.h */ = {isa = PBXFileReference; lastKnownFileType = sourcecode.c.h; path = AppDelegate.h; sourceTree = "<group>"; };
		D18910041F1030D4003B06B1 /* AppDelegate.m */ = {isa = PBXFileReference; lastKnownFileType = sourcecode.c.objc; path = AppDelegate.m; sourceTree = "<group>"; };
		D189100A1F1030D4003B06B1 /* Base */ = {isa = PBXFileReference; lastKnownFileType = file.storyboard; name = Base; path = Base.lproj/Main.storyboard; sourceTree = "<group>"; };
		D189100C1F1030D4003B06B1 /* Assets.xcassets */ = {isa = PBXFileReference; lastKnownFileType = folder.assetcatalog; path = Assets.xcassets; sourceTree = "<group>"; };
		D189100F1F1030D4003B06B1 /* Base */ = {isa = PBXFileReference; lastKnownFileType = file.storyboard; name = Base; path = Base.lproj/LaunchScreen.storyboard; sourceTree = "<group>"; };
		D18910111F1030D4003B06B1 /* Info.plist */ = {isa = PBXFileReference; lastKnownFileType = text.plist.xml; path = Info.plist; sourceTree = "<group>"; };
		D18910171F10345A003B06B1 /* PanViewController.h */ = {isa = PBXFileReference; fileEncoding = 4; lastKnownFileType = sourcecode.c.h; path = PanViewController.h; sourceTree = "<group>"; };
		D18910181F10345A003B06B1 /* PanViewController.m */ = {isa = PBXFileReference; fileEncoding = 4; lastKnownFileType = sourcecode.c.objc; path = PanViewController.m; sourceTree = "<group>"; };
		D189101A1F103474003B06B1 /* TapViewController.h */ = {isa = PBXFileReference; fileEncoding = 4; lastKnownFileType = sourcecode.c.h; path = TapViewController.h; sourceTree = "<group>"; };
		D189101B1F103474003B06B1 /* TapViewController.m */ = {isa = PBXFileReference; fileEncoding = 4; lastKnownFileType = sourcecode.c.objc; path = TapViewController.m; sourceTree = "<group>"; };
		D189101D1F103C27003B06B1 /* PinchViewController.h */ = {isa = PBXFileReference; fileEncoding = 4; lastKnownFileType = sourcecode.c.h; path = PinchViewController.h; sourceTree = "<group>"; };
		D189101E1F103C27003B06B1 /* PinchViewController.m */ = {isa = PBXFileReference; fileEncoding = 4; lastKnownFileType = sourcecode.c.objc; path = PinchViewController.m; sourceTree = "<group>"; };
		D18910201F1046B1003B06B1 /* SwipeViewController.h */ = {isa = PBXFileReference; fileEncoding = 4; lastKnownFileType = sourcecode.c.h; path = SwipeViewController.h; sourceTree = "<group>"; };
		D18910211F1046B1003B06B1 /* SwipeViewController.m */ = {isa = PBXFileReference; fileEncoding = 4; lastKnownFileType = sourcecode.c.objc; path = SwipeViewController.m; sourceTree = "<group>"; };
/* End PBXFileReference section */

/* Begin PBXFrameworksBuildPhase section */
		D1890FFA1F1030D4003B06B1 /* Frameworks */ = {
			isa = PBXFrameworksBuildPhase;
			buildActionMask = 2147483647;
			files = (
			);
			runOnlyForDeploymentPostprocessing = 0;
		};
/* End PBXFrameworksBuildPhase section */

/* Begin PBXGroup section */
		D1890FF41F1030D4003B06B1 = {
			isa = PBXGroup;
			children = (
				D1890FFF1F1030D4003B06B1 /* UIGestures */,
				D1890FFE1F1030D4003B06B1 /* Products */,
			);
			sourceTree = "<group>";
		};
		D1890FFE1F1030D4003B06B1 /* Products */ = {
			isa = PBXGroup;
			children = (
				D1890FFD1F1030D4003B06B1 /* UIGestures.app */,
			);
			name = Products;
			sourceTree = "<group>";
		};
		D1890FFF1F1030D4003B06B1 /* UIGestures */ = {
			isa = PBXGroup;
			children = (
				D18910091F1030D4003B06B1 /* Main.storyboard */,
				D189100E1F1030D4003B06B1 /* LaunchScreen.storyboard */,
				D18910171F10345A003B06B1 /* PanViewController.h */,
				D18910181F10345A003B06B1 /* PanViewController.m */,
				D189101A1F103474003B06B1 /* TapViewController.h */,
				D189101B1F103474003B06B1 /* TapViewController.m */,
				D189101D1F103C27003B06B1 /* PinchViewController.h */,
				D189101E1F103C27003B06B1 /* PinchViewController.m */,
				D18910201F1046B1003B06B1 /* SwipeViewController.h */,
				D18910211F1046B1003B06B1 /* SwipeViewController.m */,
				D18910001F1030D4003B06B1 /* Supporting Files */,
			);
			path = UIGestures;
			sourceTree = "<group>";
		};
		D18910001F1030D4003B06B1 /* Supporting Files */ = {
			isa = PBXGroup;
			children = (
				D189100C1F1030D4003B06B1 /* Assets.xcassets */,
				D18910111F1030D4003B06B1 /* Info.plist */,
				D18910031F1030D4003B06B1 /* AppDelegate.h */,
				D18910041F1030D4003B06B1 /* AppDelegate.m */,
				D18910011F1030D4003B06B1 /* main.m */,
			);
			name = "Supporting Files";
			sourceTree = "<group>";
		};
/* End PBXGroup section */

/* Begin PBXNativeTarget section */
		D1890FFC1F1030D4003B06B1 /* UIGestures */ = {
			isa = PBXNativeTarget;
			buildConfigurationList = D18910141F1030D4003B06B1 /* Build configuration list for PBXNativeTarget "UIGestures" */;
			buildPhases = (
				D1890FF91F1030D4003B06B1 /* Sources */,
				D1890FFA1F1030D4003B06B1 /* Frameworks */,
				D1890FFB1F1030D4003B06B1 /* Resources */,
			);
			buildRules = (
			);
			dependencies = (
			);
			name = UIGestures;
			productName = UIGestures;
			productReference = D1890FFD1F1030D4003B06B1 /* UIGestures.app */;
			productType = "com.apple.product-type.application";
		};
/* End PBXNativeTarget section */

/* Begin PBXProject section */
		D1890FF51F1030D4003B06B1 /* Project object */ = {
			isa = PBXProject;
			attributes = {
				LastUpgradeCheck = 0830;
				ORGANIZATIONNAME = "Errol Cheong";
				TargetAttributes = {
					D1890FFC1F1030D4003B06B1 = {
						CreatedOnToolsVersion = 8.3.3;
						ProvisioningStyle = Automatic;
					};
				};
			};
			buildConfigurationList = D1890FF81F1030D4003B06B1 /* Build configuration list for PBXProject "UIGestures" */;
			compatibilityVersion = "Xcode 3.2";
			developmentRegion = English;
			hasScannedForEncodings = 0;
			knownRegions = (
				en,
				Base,
			);
			mainGroup = D1890FF41F1030D4003B06B1;
			productRefGroup = D1890FFE1F1030D4003B06B1 /* Products */;
			projectDirPath = "";
			projectRoot = "";
			targets = (
				D1890FFC1F1030D4003B06B1 /* UIGestures */,
			);
		};
/* End PBXProject section */

/* Begin PBXResourcesBuildPhase section */
		D1890FFB1F1030D4003B06B1 /* Resources */ = {
			isa = PBXResourcesBuildPhase;
			buildActionMask = 2147483647;
			files = (
				D18910101F1030D4003B06B1 /* LaunchScreen.storyboard in Resources */,
				D189100D1F1030D4003B06B1 /* Assets.xcassets in Resources */,
				D189100B1F1030D4003B06B1 /* Main.storyboard in Resources */,
			);
			runOnlyForDeploymentPostprocessing = 0;
		};
/* End PBXResourcesBuildPhase section */

/* Begin PBXSourcesBuildPhase section */
		D1890FF91F1030D4003B06B1 /* Sources */ = {
			isa = PBXSourcesBuildPhase;
			buildActionMask = 2147483647;
			files = (
				D18910191F10345A003B06B1 /* PanViewController.m in Sources */,
				D18910051F1030D4003B06B1 /* AppDelegate.m in Sources */,
				D189101F1F103C27003B06B1 /* PinchViewController.m in Sources */,
				D18910221F1046B1003B06B1 /* SwipeViewController.m in Sources */,
				D189101C1F103474003B06B1 /* TapViewController.m in Sources */,
				D18910021F1030D4003B06B1 /* main.m in Sources */,
			);
			runOnlyForDeploymentPostprocessing = 0;
		};
/* End PBXSourcesBuildPhase section */

/* Begin PBXVariantGroup section */
		D18910091F1030D4003B06B1 /* Main.storyboard */ = {
			isa = PBXVariantGroup;
			children = (
				D189100A1F1030D4003B06B1 /* Base */,
			);
			name = Main.storyboard;
			sourceTree = "<group>";
		};
		D189100E1F1030D4003B06B1 /* LaunchScreen.storyboard */ = {
			isa = PBXVariantGroup;
			children = (
				D189100F1F1030D4003B06B1 /* Base */,
			);
			name = LaunchScreen.storyboard;
			sourceTree = "<group>";
		};
/* End PBXVariantGroup section */

/* Begin XCBuildConfiguration section */
		D18910121F1030D4003B06B1 /* Debug */ = {
			isa = XCBuildConfiguration;
			buildSettings = {
				ALWAYS_SEARCH_USER_PATHS = NO;
				CLANG_ANALYZER_NONNULL = YES;
				CLANG_ANALYZER_NUMBER_OBJECT_CONVERSION = YES_AGGRESSIVE;
				CLANG_CXX_LANGUAGE_STANDARD = "gnu++0x";
				CLANG_CXX_LIBRARY = "libc++";
				CLANG_ENABLE_MODULES = YES;
				CLANG_ENABLE_OBJC_ARC = YES;
				CLANG_WARN_BOOL_CONVERSION = YES;
				CLANG_WARN_CONSTANT_CONVERSION = YES;
				CLANG_WARN_DIRECT_OBJC_ISA_USAGE = YES_ERROR;
				CLANG_WARN_DOCUMENTATION_COMMENTS = YES;
				CLANG_WARN_EMPTY_BODY = YES;
				CLANG_WARN_ENUM_CONVERSION = YES;
				CLANG_WARN_INFINITE_RECURSION = YES;
				CLANG_WARN_INT_CONVERSION = YES;
				CLANG_WARN_OBJC_ROOT_CLASS = YES_ERROR;
				CLANG_WARN_SUSPICIOUS_MOVE = YES;
				CLANG_WARN_UNREACHABLE_CODE = YES;
				CLANG_WARN__DUPLICATE_METHOD_MATCH = YES;
				"CODE_SIGN_IDENTITY[sdk=iphoneos*]" = "iPhone Developer";
				COPY_PHASE_STRIP = NO;
				DEBUG_INFORMATION_FORMAT = dwarf;
				ENABLE_STRICT_OBJC_MSGSEND = YES;
				ENABLE_TESTABILITY = YES;
				GCC_C_LANGUAGE_STANDARD = gnu99;
				GCC_DYNAMIC_NO_PIC = NO;
				GCC_NO_COMMON_BLOCKS = YES;
				GCC_OPTIMIZATION_LEVEL = 0;
				GCC_PREPROCESSOR_DEFINITIONS = (
					"DEBUG=1",
					"$(inherited)",
				);
				GCC_WARN_64_TO_32_BIT_CONVERSION = YES;
				GCC_WARN_ABOUT_RETURN_TYPE = YES_ERROR;
				GCC_WARN_UNDECLARED_SELECTOR = YES;
				GCC_WARN_UNINITIALIZED_AUTOS = YES_AGGRESSIVE;
				GCC_WARN_UNUSED_FUNCTION = YES;
				GCC_WARN_UNUSED_VARIABLE = YES;
				IPHONEOS_DEPLOYMENT_TARGET = 10.3;
				MTL_ENABLE_DEBUG_INFO = YES;
				ONLY_ACTIVE_ARCH = YES;
				SDKROOT = iphoneos;
			};
			name = Debug;
		};
		D18910131F1030D4003B06B1 /* Release */ = {
			isa = XCBuildConfiguration;
			buildSettings = {
				ALWAYS_SEARCH_USER_PATHS = NO;
				CLANG_ANALYZER_NONNULL = YES;
				CLANG_ANALYZER_NUMBER_OBJECT_CONVERSION = YES_AGGRESSIVE;
				CLANG_CXX_LANGUAGE_STANDARD = "gnu++0x";
				CLANG_CXX_LIBRARY = "libc++";
				CLANG_ENABLE_MODULES = YES;
				CLANG_ENABLE_OBJC_ARC = YES;
				CLANG_WARN_BOOL_CONVERSION = YES;
				CLANG_WARN_CONSTANT_CONVERSION = YES;
				CLANG_WARN_DIRECT_OBJC_ISA_USAGE = YES_ERROR;
				CLANG_WARN_DOCUMENTATION_COMMENTS = YES;
				CLANG_WARN_EMPTY_BODY = YES;
				CLANG_WARN_ENUM_CONVERSION = YES;
				CLANG_WARN_INFINITE_RECURSION = YES;
				CLANG_WARN_INT_CONVERSION = YES;
				CLANG_WARN_OBJC_ROOT_CLASS = YES_ERROR;
				CLANG_WARN_SUSPICIOUS_MOVE = YES;
				CLANG_WARN_UNREACHABLE_CODE = YES;
				CLANG_WARN__DUPLICATE_METHOD_MATCH = YES;
				"CODE_SIGN_IDENTITY[sdk=iphoneos*]" = "iPhone Developer";
				COPY_PHASE_STRIP = NO;
				DEBUG_INFORMATION_FORMAT = "dwarf-with-dsym";
				ENABLE_NS_ASSERTIONS = NO;
				ENABLE_STRICT_OBJC_MSGSEND = YES;
				GCC_C_LANGUAGE_STANDARD = gnu99;
				GCC_NO_COMMON_BLOCKS = YES;
				GCC_WARN_64_TO_32_BIT_CONVERSION = YES;
				GCC_WARN_ABOUT_RETURN_TYPE = YES_ERROR;
				GCC_WARN_UNDECLARED_SELECTOR = YES;
				GCC_WARN_UNINITIALIZED_AUTOS = YES_AGGRESSIVE;
				GCC_WARN_UNUSED_FUNCTION = YES;
				GCC_WARN_UNUSED_VARIABLE = YES;
				IPHONEOS_DEPLOYMENT_TARGET = 10.3;
				MTL_ENABLE_DEBUG_INFO = NO;
				SDKROOT = iphoneos;
				VALIDATE_PRODUCT = YES;
			};
			name = Release;
		};
		D18910151F1030D4003B06B1 /* Debug */ = {
			isa = XCBuildConfiguration;
			buildSettings = {
				ASSETCATALOG_COMPILER_APPICON_NAME = AppIcon;
				INFOPLIST_FILE = UIGestures/Info.plist;
				LD_RUNPATH_SEARCH_PATHS = "$(inherited) @executable_path/Frameworks";
				PRODUCT_BUNDLE_IDENTIFIER = com.errolcheong.UIGestures;
				PRODUCT_NAME = "$(TARGET_NAME)";
			};
			name = Debug;
		};
		D18910161F1030D4003B06B1 /* Release */ = {
			isa = XCBuildConfiguration;
			buildSettings = {
				ASSETCATALOG_COMPILER_APPICON_NAME = AppIcon;
				INFOPLIST_FILE = UIGestures/Info.plist;
				LD_RUNPATH_SEARCH_PATHS = "$(inherited) @executable_path/Frameworks";
				PRODUCT_BUNDLE_IDENTIFIER = com.errolcheong.UIGestures;
				PRODUCT_NAME = "$(TARGET_NAME)";
			};
			name = Release;
		};
/* End XCBuildConfiguration section */

/* Begin XCConfigurationList section */
		D1890FF81F1030D4003B06B1 /* Build configuration list for PBXProject "UIGestures" */ = {
			isa = XCConfigurationList;
			buildConfigurations = (
				D18910121F1030D4003B06B1 /* Debug */,
				D18910131F1030D4003B06B1 /* Release */,
			);
			defaultConfigurationIsVisible = 0;
			defaultConfigurationName = Release;
		};
		D18910141F1030D4003B06B1 /* Build configuration list for PBXNativeTarget "UIGestures" */ = {
			isa = XCConfigurationList;
			buildConfigurations = (
				D18910151F1030D4003B06B1 /* Debug */,
				D18910161F1030D4003B06B1 /* Release */,
			);
			defaultConfigurationIsVisible = 0;
		};
/* End XCConfigurationList section */
	};
	rootObject = D1890FF51F1030D4003B06B1 /* Project object */;
}
